{
  "requires": true,
  "lockfileVersion": 1,
  "dependencies": {
    "phaser-raycaster": {
      "version": "0.10.2",
      "resolved": "https://registry.npmjs.org/phaser-raycaster/-/phaser-raycaster-0.10.2.tgz",
      "integrity": "sha512-u79Y5ms8xVpmsYKLw3d2MNjFUWd2mFD6fRtSBVPpwZne796yrihE+iPSDJKRxd3z+0Ip56KjIJwQu05yyIf0BA=="
    }
  }
}
